
Microsoft Visual Studio Solution File, Format Version 12.00
# Visual Studio 15
VisualStudioVersion = 15.0.28307.572
MinimumVisualStudioVersion = 10.0.40219.1
Project("{FAE04EC0-301F-11D3-BF4B-00C04F79EFBC}") = "Evaluacion", "Evaluacion\Evaluacion.csproj", "{59E3BC35-509B-4B6C-8B51-A6F237B52339}"
EndProject
Project("{FAE04EC0-301F-11D3-BF4B-00C04F79EFBC}") = "Tic-tac-toe", "Tic-tac-toe\Tic-tac-toe.csproj", "{B3F2DDB3-7B56-4B53-B753-FEE6C5B324CF}"
EndProject
Project("{2150E333-8FDC-42A3-9474-1A3956D46DE8}") = "Karaoke", "Karaoke", "{47FD545B-FF0C-4683-A1D3-84EEE57EACFF}"
	ProjectSection(SolutionItems) = preProject
		Karaoke\Diseño KARAOKE.docx = Karaoke\Diseño KARAOKE.docx
	EndProjectSection
EndProject
Global
	GlobalSection(SolutionConfigurationPlatforms) = preSolution
		Debug|Any CPU = Debug|Any CPU
		Release|Any CPU = Release|Any CPU
	EndGlobalSection
	GlobalSection(ProjectConfigurationPlatforms) = postSolution
		{59E3BC35-509B-4B6C-8B51-A6F237B52339}.Debug|Any CPU.ActiveCfg = Debug|Any CPU
		{59E3BC35-509B-4B6C-8B51-A6F237B52339}.Debug|Any CPU.Build.0 = Debug|Any CPU
		{59E3BC35-509B-4B6C-8B51-A6F237B52339}.Release|Any CPU.ActiveCfg = Release|Any CPU
		{59E3BC35-509B-4B6C-8B51-A6F237B52339}.Release|Any CPU.Build.0 = Release|Any CPU
		{B3F2DDB3-7B56-4B53-B753-FEE6C5B324CF}.Debug|Any CPU.ActiveCfg = Debug|Any CPU
		{B3F2DDB3-7B56-4B53-B753-FEE6C5B324CF}.Debug|Any CPU.Build.0 = Debug|Any CPU
		{B3F2DDB3-7B56-4B53-B753-FEE6C5B324CF}.Release|Any CPU.ActiveCfg = Release|Any CPU
		{B3F2DDB3-7B56-4B53-B753-FEE6C5B324CF}.Release|Any CPU.Build.0 = Release|Any CPU
	EndGlobalSection
	GlobalSection(SolutionProperties) = preSolution
		HideSolutionNode = FALSE
	EndGlobalSection
	GlobalSection(ExtensibilityGlobals) = postSolution
		SolutionGuid = {4587F9BE-3EE3-46FD-847F-F5119D2EAFAC}
	EndGlobalSection
EndGlobal
